
Microsoft Visual Studio Solution File, Format Version 12.00
# Visual Studio Version 17
VisualStudioVersion = 17.9.34728.123
MinimumVisualStudioVersion = 10.0.40219.1
Project("{9A19103F-16F7-4668-BE54-9A1E7A4F7556}") = "Demo", "Demo\Demo.csproj", "{1B72B5F7-FE66-47C6-A3B6-B2F043EEB80B}"
EndProject
Project("{FAE04EC0-301F-11D3-BF4B-00C04F79EFBC}") = "Assignment", "Assignment\Assignment.csproj", "{531607B6-19B6-4238-9096-730CB664979D}"
EndProject
Global
	GlobalSection(SolutionConfigurationPlatforms) = preSolution
		Debug|Any CPU = Debug|Any CPU
		Release|Any CPU = Release|Any CPU
	EndGlobalSection
	GlobalSection(ProjectConfigurationPlatforms) = postSolution
		{1B72B5F7-FE66-47C6-A3B6-B2F043EEB80B}.Debug|Any CPU.ActiveCfg = Debug|Any CPU
		{1B72B5F7-FE66-47C6-A3B6-B2F043EEB80B}.Debug|Any CPU.Build.0 = Debug|Any CPU
		{1B72B5F7-FE66-47C6-A3B6-B2F043EEB80B}.Release|Any CPU.ActiveCfg = Release|Any CPU
		{1B72B5F7-FE66-47C6-A3B6-B2F043EEB80B}.Release|Any CPU.Build.0 = Release|Any CPU
		{531607B6-19B6-4238-9096-730CB664979D}.Debug|Any CPU.ActiveCfg = Debug|Any CPU
		{531607B6-19B6-4238-9096-730CB664979D}.Debug|Any CPU.Build.0 = Debug|Any CPU
		{531607B6-19B6-4238-9096-730CB664979D}.Release|Any CPU.ActiveCfg = Release|Any CPU
		{531607B6-19B6-4238-9096-730CB664979D}.Release|Any CPU.Build.0 = Release|Any CPU
	EndGlobalSection
	GlobalSection(SolutionProperties) = preSolution
		HideSolutionNode = FALSE
	EndGlobalSection
	GlobalSection(ExtensibilityGlobals) = postSolution
		SolutionGuid = {3235D495-D417-460E-B38E-2CCEF6CFAC4D}
	EndGlobalSection
EndGlobal
